
Microsoft Visual Studio Solution File, Format Version 12.00
# Visual Studio Version 16
VisualStudioVersion = 16.0.32002.261
MinimumVisualStudioVersion = 10.0.40219.1
Project("{FAE04EC0-301F-11D3-BF4B-00C04F79EFBC}") = "Vaccine Payanterm", "Vaccine Payanterm\Vaccine Payanterm.csproj", "{6DBE1F4E-EB25-42A9-A82B-9A6CCF828E8D}"
EndProject
Global
	GlobalSection(SolutionConfigurationPlatforms) = preSolution
		Debug|Any CPU = Debug|Any CPU
		Release|Any CPU = Release|Any CPU
	EndGlobalSection
	GlobalSection(ProjectConfigurationPlatforms) = postSolution
		{6DBE1F4E-EB25-42A9-A82B-9A6CCF828E8D}.Debug|Any CPU.ActiveCfg = Debug|Any CPU
		{6DBE1F4E-EB25-42A9-A82B-9A6CCF828E8D}.Debug|Any CPU.Build.0 = Debug|Any CPU
		{6DBE1F4E-EB25-42A9-A82B-9A6CCF828E8D}.Release|Any CPU.ActiveCfg = Release|Any CPU
		{6DBE1F4E-EB25-42A9-A82B-9A6CCF828E8D}.Release|Any CPU.Build.0 = Release|Any CPU
	EndGlobalSection
	GlobalSection(SolutionProperties) = preSolution
		HideSolutionNode = FALSE
	EndGlobalSection
	GlobalSection(ExtensibilityGlobals) = postSolution
		SolutionGuid = {EFE57452-0BA5-4646-8D41-DA5DF72C2373}
	EndGlobalSection
EndGlobal
